# THIS IS AN AUTOGENERATED FILE. DO NOT EDIT THIS FILE DIRECTLY.
# yarn lockfile v1


"@codama/errors@1.0.0":
  version "1.0.0"
  resolved "https://registry.yarnpkg.com/@codama/errors/-/errors-1.0.0.tgz#19ef95d0b666de23c37584a3adab858ab57d10c2"
  integrity sha512-XSdkNbCNJukhKO5TFJ5cFP7TfddxZwqHV7N/XyMbZ0meVPN1ymT94/d/9b8R+bvKuflj/SXImv527tGZWz6pGA==
  dependencies:
    "@codama/node-types" "1.0.0"
    chalk "^5.3.0"
    commander "^12.1.0"

"@codama/node-types@1.0.0":
  version "1.0.0"
  resolved "https://registry.yarnpkg.com/@codama/node-types/-/node-types-1.0.0.tgz#52eafbd834387e6d00cd26c95362b6929a95a690"
  integrity sha512-UAc+0jprwHFOqtAPqqA//PkrnlUzuqs+N5E36bHhLV0m5qWMlqrfmPg/ffBwMYFJsLFWsRsisALrqPy7ARkUow==

"@codama/nodes-from-anchor@1.0.0", "@codama/nodes-from-anchor@^1.0.0":
  version "1.0.0"
  resolved "https://registry.yarnpkg.com/@codama/nodes-from-anchor/-/nodes-from-anchor-1.0.0.tgz#828358c05b03c60521126b017a0e2b9e8c210ea6"
  integrity sha512-urqFOV5K1oKBptgIFFLCPWrUsEeZsonml12ieP26ozX12aglGlN0tsxNsCvxJulRIjUxuONbH6xzv7uKt0xSYQ==
  dependencies:
    "@codama/errors" "1.0.0"
    "@codama/nodes" "1.0.0"
    "@codama/visitors" "1.0.0"
    "@noble/hashes" "^1.5.0"

"@codama/nodes@1.0.0":
  version "1.0.0"
  resolved "https://registry.yarnpkg.com/@codama/nodes/-/nodes-1.0.0.tgz#68da5a1f77b5424c2d2fac8d6443892f28dc9a68"
  integrity sha512-btcnjDaOpEFvVq3uVzlQK4G2OxxyK3P9HkXw423GZaqYQzeSr1pDdTKjyVyg+QO578CGqIMySVlJ2UAdHVMytw==
  dependencies:
    "@codama/errors" "1.0.0"
    "@codama/node-types" "1.0.0"

"@codama/renderers-core@1.0.0":
  version "1.0.0"
  resolved "https://registry.yarnpkg.com/@codama/renderers-core/-/renderers-core-1.0.0.tgz#0a25d557d33906c244c076ed31777545741531d1"
  integrity sha512-WYvOylIzcR0WOc7GlUvGi5ym8IwmslwyV8zfj7FR646bMqaROirFJc+naGEbZ1lMykOyxcackTKL0eDB7954Qw==
  dependencies:
    "@codama/errors" "1.0.0"
    "@codama/nodes" "1.0.0"
    "@codama/visitors-core" "1.0.0"

"@codama/renderers-js-umi@1.0.1":
  version "1.0.1"
  resolved "https://registry.yarnpkg.com/@codama/renderers-js-umi/-/renderers-js-umi-1.0.1.tgz#4a8034b1b7e387fd22270d5e57b19f29e0e10dc2"
  integrity sha512-UF1EyzD8tLGUjli6vK1yI7oxJvez1Jicz40+mULH5wXJecjjVKSEero2m79jfjnNUlAzUCkbgRnUzXp3wvuQfg==
  dependencies:
    "@codama/errors" "1.0.0"
    "@codama/nodes" "1.0.0"
    "@codama/renderers-core" "1.0.0"
    "@codama/validators" "1.0.0"
    "@codama/visitors-core" "1.0.0"
    "@solana/codecs-strings" rc
    nunjucks "^3.2.4"
    prettier "^3.3.3"

"@codama/renderers-js@1.0.1":
  version "1.0.1"
  resolved "https://registry.yarnpkg.com/@codama/renderers-js/-/renderers-js-1.0.1.tgz#150608bc4e5f6acd51cdb03e8c0aaa99065d36c4"
  integrity sha512-RwTJM5L4ZuKZ9TUdr1K5PODr7Ji0lsqcqQGXQ71Hg+ZHQ+F4jj3RPvoWHxYm5tYMuqRajQxqL/W49kxqEtc96w==
  dependencies:
    "@codama/errors" "1.0.0"
    "@codama/nodes" "1.0.0"
    "@codama/nodes-from-anchor" "1.0.0"
    "@codama/renderers-core" "1.0.0"
    "@codama/visitors-core" "1.0.0"
    "@solana/codecs-strings" rc
    nunjucks "^3.2.4"
    prettier "^3.3.3"

"@codama/renderers-rust@1.0.3":
  version "1.0.3"
  resolved "https://registry.yarnpkg.com/@codama/renderers-rust/-/renderers-rust-1.0.3.tgz#aa3ffa62108b683519a880c5154386ad88d32452"
  integrity sha512-S2n+bq92q5YZ01Z+8klNNbvgVErKsJzUYWN0Y0rPymx2vwkHfTkeQHEOuckb/kzHJm9QGXrzkDtSDBy5EDS1Wg==
  dependencies:
    "@codama/errors" "1.0.0"
    "@codama/nodes" "1.0.0"
    "@codama/renderers-core" "1.0.0"
    "@codama/visitors-core" "1.0.0"
    "@solana/codecs-strings" rc
    nunjucks "^3.2.4"

"@codama/renderers@^1.0.3":
  version "1.0.3"
  resolved "https://registry.yarnpkg.com/@codama/renderers/-/renderers-1.0.3.tgz#b334f92fddb78e0b75287d3596fe1dda1da742fa"
  integrity sha512-630hHDuqRtoDNv4PkqzZsI0mPQpSb41UxU/D1iw+pKCulCJuTJdYjNNQjNJuDZpkpvGXdPRmriQTVI9oZdh8vA==
  dependencies:
    "@codama/renderers-js" "1.0.1"
    "@codama/renderers-js-umi" "1.0.1"
    "@codama/renderers-rust" "1.0.3"

"@codama/validators@1.0.0":
  version "1.0.0"
  resolved "https://registry.yarnpkg.com/@codama/validators/-/validators-1.0.0.tgz#5ace421ca7a5cd5557697abb6911f2aea21bc4b6"
  integrity sha512-jSfU5IrcGTvcqsJSBSzD3Ochig+hKKg2NKsT/vUfQ4jAw2cQrVUP5f4dMXyX779JYfHLHCwZnBYvgEdgi9gBZQ==
  dependencies:
    "@codama/errors" "1.0.0"
    "@codama/nodes" "1.0.0"
    "@codama/visitors-core" "1.0.0"

"@codama/visitors-core@1.0.0":
  version "1.0.0"
  resolved "https://registry.yarnpkg.com/@codama/visitors-core/-/visitors-core-1.0.0.tgz#4f86eb3e69ae0d23f9af906d3ed1f21fa979de2a"
  integrity sha512-tDIfURVPf7ZokCFLOpKL6Au0ORiza1sPT4zmRSEjCC7iZp0Vb5K5FrdtUL13Wb+6jNM191e5GUFOmULRoavWug==
  dependencies:
    "@codama/errors" "1.0.0"
    "@codama/nodes" "1.0.0"
    json-stable-stringify "^1.1.1"

"@codama/visitors@1.0.0":
  version "1.0.0"
  resolved "https://registry.yarnpkg.com/@codama/visitors/-/visitors-1.0.0.tgz#c8fca1714309ac988962ae43745cbb8efb93900f"
  integrity sha512-JncE6wRJLxt0imlj+loGH6dLPEMK7ozlv9YjWgCQgUYUI7is66OFwhWP5SFO0iEFlVjtOzZLXVQwoe9LSDz8Gg==
  dependencies:
    "@codama/errors" "1.0.0"
    "@codama/nodes" "1.0.0"
    "@codama/visitors-core" "1.0.0"

"@metaplex-foundation/umi-options@^0.8.9":
  version "0.8.9"
  resolved "https://registry.yarnpkg.com/@metaplex-foundation/umi-options/-/umi-options-0.8.9.tgz#9c9e269d9eee7d055ad6831dcb30a30127dcb0c5"
  integrity sha512-jSQ61sZMPSAk/TXn8v8fPqtz3x8d0/blVZXLLbpVbo2/T5XobiI6/MfmlUosAjAUaQl6bHRF8aIIqZEFkJiy4A==

"@metaplex-foundation/umi-public-keys@^0.8.9":
  version "0.8.9"
  resolved "https://registry.yarnpkg.com/@metaplex-foundation/umi-public-keys/-/umi-public-keys-0.8.9.tgz#ca7a927c924ed8e28d0f8bb3dc0f2adc1f9011ec"
  integrity sha512-CxMzN7dgVGOq9OcNCJe2casKUpJ3RmTVoOvDFyeoTQuK+vkZ1YSSahbqC1iGuHEtKTLSjtWjKvUU6O7zWFTw3Q==
  dependencies:
    "@metaplex-foundation/umi-serializers-encodings" "^0.8.9"

"@metaplex-foundation/umi-serializers-core@^0.8.9":
  version "0.8.9"
  resolved "https://registry.yarnpkg.com/@metaplex-foundation/umi-serializers-core/-/umi-serializers-core-0.8.9.tgz#cd5ae763a59e54dd01f1284f4a6bf4e78e4aab9c"
  integrity sha512-WT82tkiYJ0Qmscp7uTj1Hz6aWQPETwaKLAENAUN5DeWghkuBKtuxyBKVvEOuoXerJSdhiAk0e8DWA4cxcTTQ/w==

"@metaplex-foundation/umi-serializers-encodings@^0.8.9":
  version "0.8.9"
  resolved "https://registry.yarnpkg.com/@metaplex-foundation/umi-serializers-encodings/-/umi-serializers-encodings-0.8.9.tgz#0f02605ee3e6fbeac1abc4fb267a7cc96ecb4410"
  integrity sha512-N3VWLDTJ0bzzMKcJDL08U3FaqRmwlN79FyE4BHj6bbAaJ9LEHjDQ9RJijZyWqTm0jE7I750fU7Ow5EZL38Xi6Q==
  dependencies:
    "@metaplex-foundation/umi-serializers-core" "^0.8.9"

"@metaplex-foundation/umi-serializers-numbers@^0.8.9":
  version "0.8.9"
  resolved "https://registry.yarnpkg.com/@metaplex-foundation/umi-serializers-numbers/-/umi-serializers-numbers-0.8.9.tgz#28c10367f6aebac0276ec1bce81d0d8db54b05de"
  integrity sha512-NtBf1fnVNQJHFQjLFzRu2i9GGnigb9hOm/Gfrk628d0q0tRJB7BOM3bs5C61VAs7kJs4yd+pDNVAERJkknQ7Lg==
  dependencies:
    "@metaplex-foundation/umi-serializers-core" "^0.8.9"

"@metaplex-foundation/umi-serializers@^0.9.0":
  version "0.9.0"
  resolved "https://registry.yarnpkg.com/@metaplex-foundation/umi-serializers/-/umi-serializers-0.9.0.tgz#af6d03a3bf821bf73b7b3450bb8df0407f2f69d6"
  integrity sha512-hAOW9Djl4w4ioKeR4erDZl5IG4iJdP0xA19ZomdaCbMhYAAmG/FEs5khh0uT2mq53/MnzWcXSUPoO8WBN4Q+Vg==
  dependencies:
    "@metaplex-foundation/umi-options" "^0.8.9"
    "@metaplex-foundation/umi-public-keys" "^0.8.9"
    "@metaplex-foundation/umi-serializers-core" "^0.8.9"
    "@metaplex-foundation/umi-serializers-encodings" "^0.8.9"
    "@metaplex-foundation/umi-serializers-numbers" "^0.8.9"

"@metaplex-foundation/umi@^0.9.2":
  version "0.9.2"
  resolved "https://registry.yarnpkg.com/@metaplex-foundation/umi/-/umi-0.9.2.tgz#6460bff91d2ac7745842eda1ee6a28fba4d2ffb2"
  integrity sha512-9i4Acm4pruQfJcpRrc2EauPBwkfDN0I9QTvJyZocIlKgoZwD6A6wH0PViH1AjOVG5CQCd1YI3tJd5XjYE1ElBw==
  dependencies:
    "@metaplex-foundation/umi-options" "^0.8.9"
    "@metaplex-foundation/umi-public-keys" "^0.8.9"
    "@metaplex-foundation/umi-serializers" "^0.9.0"

"@noble/hashes@^1.5.0":
  version "1.5.0"
  resolved "https://registry.yarnpkg.com/@noble/hashes/-/hashes-1.5.0.tgz#abadc5ca20332db2b1b2aa3e496e9af1213570b0"
  integrity sha512-1j6kQFb7QRru7eKN3ZDvRcP13rugwdxZqCjbiAVZfIJwgj2A65UmT4TgARXGlXgnRkORLTDTrO19ZErt7+QXgA==

"@solana/codecs-core@2.0.0-rc.4":
  version "2.0.0-rc.4"
  resolved "https://registry.yarnpkg.com/@solana/codecs-core/-/codecs-core-2.0.0-rc.4.tgz#c4280d68877a078df4b430871db159f95534fcd3"
  integrity sha512-JIrTSps032mSE3wBxW3bXOqWfoy4CMy1CX/XeVCijyh5kLVxZTSDIdRTYdePdL1yzaOZF1Xysvt1DhOUgBdM+A==
  dependencies:
    "@solana/errors" "2.0.0-rc.4"

"@solana/codecs-numbers@2.0.0-rc.4":
  version "2.0.0-rc.4"
  resolved "https://registry.yarnpkg.com/@solana/codecs-numbers/-/codecs-numbers-2.0.0-rc.4.tgz#ad95848d64dbaab4f6f0935d042df00802c84bba"
  integrity sha512-ZJR7TaUO65+3Hzo3YOOUCS0wlzh17IW+j0MZC2LCk1R0woaypRpHKj4iSMYeQOZkMxsd9QT3WNvjFrPC2qA6Sw==
  dependencies:
    "@solana/codecs-core" "2.0.0-rc.4"
    "@solana/errors" "2.0.0-rc.4"

"@solana/codecs-strings@rc":
  version "2.0.0-rc.4"
  resolved "https://registry.yarnpkg.com/@solana/codecs-strings/-/codecs-strings-2.0.0-rc.4.tgz#6a9223c074ab2422a7da3a8fc60cd398c6b8e167"
  integrity sha512-LGfK2RL0BKjYYUfzu2FG/gTgCsYOMz9FKVs2ntji6WneZygPxJTV5W98K3J8Rl0JewpCSCFQH3xjLSHBJUS0fA==
  dependencies:
    "@solana/codecs-core" "2.0.0-rc.4"
    "@solana/codecs-numbers" "2.0.0-rc.4"
    "@solana/errors" "2.0.0-rc.4"

"@solana/errors@2.0.0-rc.4":
  version "2.0.0-rc.4"
  resolved "https://registry.yarnpkg.com/@solana/errors/-/errors-2.0.0-rc.4.tgz#4a5aa0d82206b07f31e729262f47def34397ac61"
  integrity sha512-0PPaMyB81keEHG/1pnyEuiBVKctbXO641M2w3CIOrYT/wzjunfF0FTxsqq9wYJeYo0AyiefCKGgSPs6wiY2PpQ==
  dependencies:
    chalk "^5.3.0"
    commander "^12.1.0"

a-sync-waterfall@^1.0.0:
  version "1.0.1"
  resolved "https://registry.yarnpkg.com/a-sync-waterfall/-/a-sync-waterfall-1.0.1.tgz#75b6b6aa72598b497a125e7a2770f14f4c8a1fa7"
  integrity sha512-RYTOHHdWipFUliRFMCS4X2Yn2X8M87V/OpSqWzKKOGhzqyUxzyVmhHDH9sAvG+ZuQf/TAOFsLCpMw09I1ufUnA==

asap@^2.0.3:
  version "2.0.6"
  resolved "https://registry.yarnpkg.com/asap/-/asap-2.0.6.tgz#e50347611d7e690943208bbdafebcbc2fb866d46"
  integrity sha512-BSHWgDSAiKs50o2Re8ppvp3seVHXSRM44cdSsT9FfNEUUZLOGWVCsiWaRPWM1Znn+mqZ1OfVZ3z3DWEzSp7hRA==

call-bind@^1.0.5:
  version "1.0.7"
  resolved "https://registry.yarnpkg.com/call-bind/-/call-bind-1.0.7.tgz#06016599c40c56498c18769d2730be242b6fa3b9"
  integrity sha512-GHTSNSYICQ7scH7sZ+M2rFopRoLh8t2bLSW6BbgrtLsahOIB5iyAVJf9GjWK3cYTDaMj4XdBpM1cA6pIS0Kv2w==
  dependencies:
    es-define-property "^1.0.0"
    es-errors "^1.3.0"
    function-bind "^1.1.2"
    get-intrinsic "^1.2.4"
    set-function-length "^1.2.1"

chalk@^5.3.0:
  version "5.3.0"
  resolved "https://registry.yarnpkg.com/chalk/-/chalk-5.3.0.tgz#67c20a7ebef70e7f3970a01f90fa210cb6860385"
  integrity sha512-dLitG79d+GV1Nb/VYcCDFivJeK1hiukt9QjRNVOsUtTy1rR1YJsmpGGTZ3qJos+uw7WmWF4wUwBd9jxjocFC2w==

codama@^1.0.0:
  version "1.0.0"
  resolved "https://registry.yarnpkg.com/codama/-/codama-1.0.0.tgz#545ba73c990361bb22c0a50fbfa7462ef79cd072"
  integrity sha512-ttJ9n2THpqTD8fP8reec+Y2j4ZTBuonDJk8SiKuS6enZBXd67JF3b+GFKM2S5a0xtxN5Evof5aBlY3JyC+jujQ==
  dependencies:
    "@codama/errors" "1.0.0"
    "@codama/nodes" "1.0.0"
    "@codama/validators" "1.0.0"
    "@codama/visitors" "1.0.0"

commander@^12.1.0:
  version "12.1.0"
  resolved "https://registry.yarnpkg.com/commander/-/commander-12.1.0.tgz#01423b36f501259fdaac4d0e4d60c96c991585d3"
  integrity sha512-Vw8qHK3bZM9y/P10u3Vib8o/DdkvA2OtPtZvD871QKjy74Wj1WSKFILMPRPSdUSx5RFK1arlJzEtA4PkFgnbuA==

commander@^5.1.0:
  version "5.1.0"
  resolved "https://registry.yarnpkg.com/commander/-/commander-5.1.0.tgz#46abbd1652f8e059bddaef99bbdcb2ad9cf179ae"
  integrity sha512-P0CysNDQ7rtVw4QIQtm+MRxV66vKFSvlsQvGYXZWR3qFU0jlMKHZZZgw8e+8DSah4UDKMqnknRDQz+xuQXQ/Zg==

define-data-property@^1.1.4:
  version "1.1.4"
  resolved "https://registry.yarnpkg.com/define-data-property/-/define-data-property-1.1.4.tgz#894dc141bb7d3060ae4366f6a0107e68fbe48c5e"
  integrity sha512-rBMvIzlpA8v6E+SJZoo++HAYqsLrkg7MSfIinMPFhmkorw7X+dOXVJQs+QT69zGkzMyfDnIMN2Wid1+NbL3T+A==
  dependencies:
    es-define-property "^1.0.0"
    es-errors "^1.3.0"
    gopd "^1.0.1"

es-define-property@^1.0.0:
  version "1.0.0"
  resolved "https://registry.yarnpkg.com/es-define-property/-/es-define-property-1.0.0.tgz#c7faefbdff8b2696cf5f46921edfb77cc4ba3845"
  integrity sha512-jxayLKShrEqqzJ0eumQbVhTYQM27CfT1T35+gCgDFoL82JLsXqTJ76zv6A0YLOgEnLUMvLzsDsGIrl8NFpT2gQ==
  dependencies:
    get-intrinsic "^1.2.4"

es-errors@^1.3.0:
  version "1.3.0"
  resolved "https://registry.yarnpkg.com/es-errors/-/es-errors-1.3.0.tgz#05f75a25dab98e4fb1dcd5e1472c0546d5057c8f"
  integrity sha512-Zf5H2Kxt2xjTvbJvP2ZWLEICxA6j+hAmMzIlypy4xcBg1vKVnx89Wy0GbS+kf5cwCVFFzdCFh2XSCFNULS6csw==

function-bind@^1.1.2:
  version "1.1.2"
  resolved "https://registry.yarnpkg.com/function-bind/-/function-bind-1.1.2.tgz#2c02d864d97f3ea6c8830c464cbd11ab6eab7a1c"
  integrity sha512-7XHNxH7qX9xG5mIwxkhumTox/MIRNcOgDrxWsMt2pAr23WHp6MrRlN7FBSFpCpr+oVO0F744iUgR82nJMfG2SA==

get-intrinsic@^1.1.3, get-intrinsic@^1.2.4:
  version "1.2.4"
  resolved "https://registry.yarnpkg.com/get-intrinsic/-/get-intrinsic-1.2.4.tgz#e385f5a4b5227d449c3eabbad05494ef0abbeadd"
  integrity sha512-5uYhsJH8VJBTv7oslg4BznJYhDoRI6waYCxMmCdnTrcCrHA/fCFKoTFz2JKKE0HdDFUF7/oQuhzumXJK7paBRQ==
  dependencies:
    es-errors "^1.3.0"
    function-bind "^1.1.2"
    has-proto "^1.0.1"
    has-symbols "^1.0.3"
    hasown "^2.0.0"

gopd@^1.0.1:
  version "1.0.1"
  resolved "https://registry.yarnpkg.com/gopd/-/gopd-1.0.1.tgz#29ff76de69dac7489b7c0918a5788e56477c332c"
  integrity sha512-d65bNlIadxvpb/A2abVdlqKqV563juRnZ1Wtk6s1sIR8uNsXR70xqIzVqxVf1eTqDunwT2MkczEeaezCKTZhwA==
  dependencies:
    get-intrinsic "^1.1.3"

has-property-descriptors@^1.0.2:
  version "1.0.2"
  resolved "https://registry.yarnpkg.com/has-property-descriptors/-/has-property-descriptors-1.0.2.tgz#963ed7d071dc7bf5f084c5bfbe0d1b6222586854"
  integrity sha512-55JNKuIW+vq4Ke1BjOTjM2YctQIvCT7GFzHwmfZPGo5wnrgkid0YQtnAleFSqumZm4az3n2BS+erby5ipJdgrg==
  dependencies:
    es-define-property "^1.0.0"

has-proto@^1.0.1:
  version "1.0.3"
  resolved "https://registry.yarnpkg.com/has-proto/-/has-proto-1.0.3.tgz#b31ddfe9b0e6e9914536a6ab286426d0214f77fd"
  integrity sha512-SJ1amZAJUiZS+PhsVLf5tGydlaVB8EdFpaSO4gmiUKUOxk8qzn5AIy4ZeJUmh22znIdk/uMAUT2pl3FxzVUH+Q==

has-symbols@^1.0.3:
  version "1.0.3"
  resolved "https://registry.yarnpkg.com/has-symbols/-/has-symbols-1.0.3.tgz#bb7b2c4349251dce87b125f7bdf874aa7c8b39f8"
  integrity sha512-l3LCuF6MgDNwTDKkdYGEihYjt5pRPbEg46rtlmnSPlUbgmB8LOIrKJbYYFBSbnPaJexMKtiPO8hmeRjRz2Td+A==

hasown@^2.0.0:
  version "2.0.2"
  resolved "https://registry.yarnpkg.com/hasown/-/hasown-2.0.2.tgz#003eaf91be7adc372e84ec59dc37252cedb80003"
  integrity sha512-0hJU9SCPvmMzIBdZFqNPXWa6dqh7WdH0cII9y+CyS8rG3nL48Bclra9HmKhVVUHyPWNH5Y7xDwAB7bfgSjkUMQ==
  dependencies:
    function-bind "^1.1.2"

isarray@^2.0.5:
  version "2.0.5"
  resolved "https://registry.yarnpkg.com/isarray/-/isarray-2.0.5.tgz#8af1e4c1221244cc62459faf38940d4e644a5723"
  integrity sha512-xHjhDr3cNBK0BzdUJSPXZntQUx/mwMS5Rw4A7lPJ90XGAO6ISP/ePDNuo0vhqOZU+UD5JoodwCAAoZQd3FeAKw==

json-stable-stringify@^1.1.1:
  version "1.1.1"
  resolved "https://registry.yarnpkg.com/json-stable-stringify/-/json-stable-stringify-1.1.1.tgz#52d4361b47d49168bcc4e564189a42e5a7439454"
  integrity sha512-SU/971Kt5qVQfJpyDveVhQ/vya+5hvrjClFOcr8c0Fq5aODJjMwutrOfCU+eCnVD5gpx1Q3fEqkyom77zH1iIg==
  dependencies:
    call-bind "^1.0.5"
    isarray "^2.0.5"
    jsonify "^0.0.1"
    object-keys "^1.1.1"

jsonify@^0.0.1:
  version "0.0.1"
  resolved "https://registry.yarnpkg.com/jsonify/-/jsonify-0.0.1.tgz#2aa3111dae3d34a0f151c63f3a45d995d9420978"
  integrity sha512-2/Ki0GcmuqSrgFyelQq9M05y7PS0mEwuIzrf3f1fPqkVDVRvZrPZtVSMHxdgo8Aq0sxAOb/cr2aqqA3LeWHVPg==

nunjucks@^3.2.4:
  version "3.2.4"
  resolved "https://registry.yarnpkg.com/nunjucks/-/nunjucks-3.2.4.tgz#f0878eef528ce7b0aa35d67cc6898635fd74649e"
  integrity sha512-26XRV6BhkgK0VOxfbU5cQI+ICFUtMLixv1noZn1tGU38kQH5A5nmmbk/O45xdyBhD1esk47nKrY0mvQpZIhRjQ==
  dependencies:
    a-sync-waterfall "^1.0.0"
    asap "^2.0.3"
    commander "^5.1.0"

object-keys@^1.1.1:
  version "1.1.1"
  resolved "https://registry.yarnpkg.com/object-keys/-/object-keys-1.1.1.tgz#1c47f272df277f3b1daf061677d9c82e2322c60e"
  integrity sha512-NuAESUOUMrlIXOfHKzD6bpPu3tYt3xvjNdRIQ+FeT0lNb4K8WR70CaDxhuNguS2XG+GjkyMwOzsN5ZktImfhLA==

prettier@^3.3.3:
  version "3.3.3"
  resolved "https://registry.yarnpkg.com/prettier/-/prettier-3.3.3.tgz#30c54fe0be0d8d12e6ae61dbb10109ea00d53105"
  integrity sha512-i2tDNA0O5IrMO757lfrdQZCc2jPNDVntV0m/+4whiDfWaTKfMNgR7Qz0NAeGz/nRqF4m5/6CLzbP4/liHt12Ew==

set-function-length@^1.2.1:
  version "1.2.2"
  resolved "https://registry.yarnpkg.com/set-function-length/-/set-function-length-1.2.2.tgz#aac72314198eaed975cf77b2c3b6b880695e5449"
  integrity sha512-pgRc4hJ4/sNjWCSS9AmnS40x3bNMDTknHgL5UaMBTMyJnU90EgWh1Rz+MC9eFu4BuN/UwZjKQuY/1v3rM7HMfg==
  dependencies:
    define-data-property "^1.1.4"
    es-errors "^1.3.0"
    function-bind "^1.1.2"
    get-intrinsic "^1.2.4"
    gopd "^1.0.1"
    has-property-descriptors "^1.0.2"

typescript@^4.9.4:
  version "4.9.5"
  resolved "https://registry.yarnpkg.com/typescript/-/typescript-4.9.5.tgz#095979f9bcc0d09da324d58d03ce8f8374cbe65a"
  integrity sha512-1FXk9E2Hm+QzZQ7z+McJiHL4NW1F2EzMu9Nq9i3zAaGqibafqYwCVU6WyWAuyQRRzOlxou8xZSyXLEN8oKj24g==
